// !$*UTF8*$!
{
	archiveVersion = 1;
	classes = {
	};
	objectVersion = 46;
	objects = {

/* Begin PBXBuildFile section */
		5A3C00631A5EC9F000892D4C /* main.m in Sources */ = {isa = PBXBuildFile; fileRef = 5A3C00621A5EC9F000892D4C /* main.m */; };
		5A3C00661A5EC9F000892D4C /* AppDelegate.m in Sources */ = {isa = PBXBuildFile; fileRef = 5A3C00651A5EC9F000892D4C /* AppDelegate.m */; };
		5A3C006E1A5EC9F000892D4C /* Images.xcassets in Resources */ = {isa = PBXBuildFile; fileRef = 5A3C006D1A5EC9F000892D4C /* Images.xcassets */; };
		5A3C00711A5EC9F000892D4C /* LaunchScreen.xib in Resources */ = {isa = PBXBuildFile; fileRef = 5A3C006F1A5EC9F000892D4C /* LaunchScreen.xib */; };
		5A3C007D1A5EC9F000892D4C /* GithubFriendsTests.m in Sources */ = {isa = PBXBuildFile; fileRef = 5A3C007C1A5EC9F000892D4C /* GithubFriendsTests.m */; };
		5A3C00881A5ECB8500892D4C /* FriendsTVC.m in Sources */ = {isa = PBXBuildFile; fileRef = 5A3C00871A5ECB8500892D4C /* FriendsTVC.m */; };
		5A3C008B1A5ECBB200892D4C /* FriendCell.m in Sources */ = {isa = PBXBuildFile; fileRef = 5A3C008A1A5ECBB200892D4C /* FriendCell.m */; };
		5A3C008E1A5EE36600892D4C /* NewFriendVC.m in Sources */ = {isa = PBXBuildFile; fileRef = 5A3C008D1A5EE36600892D4C /* NewFriendVC.m */; };
		5A3C00911A5EE37F00892D4C /* FriendDetailVC.m in Sources */ = {isa = PBXBuildFile; fileRef = 5A3C00901A5EE37F00892D4C /* FriendDetailVC.m */; };
/* End PBXBuildFile section */

/* Begin PBXContainerItemProxy section */
		5A3C00771A5EC9F000892D4C /* PBXContainerItemProxy */ = {
			isa = PBXContainerItemProxy;
			containerPortal = 5A3C00551A5EC9F000892D4C /* Project object */;
			proxyType = 1;
			remoteGlobalIDString = 5A3C005C1A5EC9F000892D4C;
			remoteInfo = GithubFriends;
		};
/* End PBXContainerItemProxy section */

/* Begin PBXFileReference section */
		5A3C005D1A5EC9F000892D4C /* GithubFriends.app */ = {isa = PBXFileReference; explicitFileType = wrapper.application; includeInIndex = 0; path = GithubFriends.app; sourceTree = BUILT_PRODUCTS_DIR; };
		5A3C00611A5EC9F000892D4C /* Info.plist */ = {isa = PBXFileReference; lastKnownFileType = text.plist.xml; path = Info.plist; sourceTree = "<group>"; };
		5A3C00621A5EC9F000892D4C /* main.m */ = {isa = PBXFileReference; lastKnownFileType = sourcecode.c.objc; path = main.m; sourceTree = "<group>"; };
		5A3C00641A5EC9F000892D4C /* AppDelegate.h */ = {isa = PBXFileReference; lastKnownFileType = sourcecode.c.h; path = AppDelegate.h; sourceTree = "<group>"; };
		5A3C00651A5EC9F000892D4C /* AppDelegate.m */ = {isa = PBXFileReference; lastKnownFileType = sourcecode.c.objc; path = AppDelegate.m; sourceTree = "<group>"; };
		5A3C006D1A5EC9F000892D4C /* Images.xcassets */ = {isa = PBXFileReference; lastKnownFileType = folder.assetcatalog; path = Images.xcassets; sourceTree = "<group>"; };
		5A3C00701A5EC9F000892D4C /* Base */ = {isa = PBXFileReference; lastKnownFileType = file.xib; name = Base; path = Base.lproj/LaunchScreen.xib; sourceTree = "<group>"; };
		5A3C00761A5EC9F000892D4C /* GithubFriendsTests.xctest */ = {isa = PBXFileReference; explicitFileType = wrapper.cfbundle; includeInIndex = 0; path = GithubFriendsTests.xctest; sourceTree = BUILT_PRODUCTS_DIR; };
		5A3C007B1A5EC9F000892D4C /* Info.plist */ = {isa = PBXFileReference; lastKnownFileType = text.plist.xml; path = Info.plist; sourceTree = "<group>"; };
		5A3C007C1A5EC9F000892D4C /* GithubFriendsTests.m */ = {isa = PBXFileReference; lastKnownFileType = sourcecode.c.objc; path = GithubFriendsTests.m; sourceTree = "<group>"; };
		5A3C00861A5ECB8500892D4C /* FriendsTVC.h */ = {isa = PBXFileReference; fileEncoding = 4; lastKnownFileType = sourcecode.c.h; path = FriendsTVC.h; sourceTree = "<group>"; };
		5A3C00871A5ECB8500892D4C /* FriendsTVC.m */ = {isa = PBXFileReference; fileEncoding = 4; lastKnownFileType = sourcecode.c.objc; path = FriendsTVC.m; sourceTree = "<group>"; };
		5A3C00891A5ECBB200892D4C /* FriendCell.h */ = {isa = PBXFileReference; fileEncoding = 4; lastKnownFileType = sourcecode.c.h; path = FriendCell.h; sourceTree = "<group>"; };
		5A3C008A1A5ECBB200892D4C /* FriendCell.m */ = {isa = PBXFileReference; fileEncoding = 4; lastKnownFileType = sourcecode.c.objc; path = FriendCell.m; sourceTree = "<group>"; };
		5A3C008C1A5EE36600892D4C /* NewFriendVC.h */ = {isa = PBXFileReference; fileEncoding = 4; lastKnownFileType = sourcecode.c.h; path = NewFriendVC.h; sourceTree = "<group>"; };
		5A3C008D1A5EE36600892D4C /* NewFriendVC.m */ = {isa = PBXFileReference; fileEncoding = 4; lastKnownFileType = sourcecode.c.objc; path = NewFriendVC.m; sourceTree = "<group>"; };
		5A3C008F1A5EE37F00892D4C /* FriendDetailVC.h */ = {isa = PBXFileReference; fileEncoding = 4; lastKnownFileType = sourcecode.c.h; path = FriendDetailVC.h; sourceTree = "<group>"; };
		5A3C00901A5EE37F00892D4C /* FriendDetailVC.m */ = {isa = PBXFileReference; fileEncoding = 4; lastKnownFileType = sourcecode.c.objc; path = FriendDetailVC.m; sourceTree = "<group>"; };
/* End PBXFileReference section */

/* Begin PBXFrameworksBuildPhase section */
		5A3C005A1A5EC9F000892D4C /* Frameworks */ = {
			isa = PBXFrameworksBuildPhase;
			buildActionMask = 2147483647;
			files = (
			);
			runOnlyForDeploymentPostprocessing = 0;
		};
		5A3C00731A5EC9F000892D4C /* Frameworks */ = {
			isa = PBXFrameworksBuildPhase;
			buildActionMask = 2147483647;
			files = (
			);
			runOnlyForDeploymentPostprocessing = 0;
		};
/* End PBXFrameworksBuildPhase section */

/* Begin PBXGroup section */
		5A3C00541A5EC9F000892D4C = {
			isa = PBXGroup;
			children = (
				5A3C005F1A5EC9F000892D4C /* GithubFriends */,
				5A3C00791A5EC9F000892D4C /* GithubFriendsTests */,
				5A3C005E1A5EC9F000892D4C /* Products */,
			);
			sourceTree = "<group>";
		};
		5A3C005E1A5EC9F000892D4C /* Products */ = {
			isa = PBXGroup;
			children = (
				5A3C005D1A5EC9F000892D4C /* GithubFriends.app */,
				5A3C00761A5EC9F000892D4C /* GithubFriendsTests.xctest */,
			);
			name = Products;
			sourceTree = "<group>";
		};
		5A3C005F1A5EC9F000892D4C /* GithubFriends */ = {
			isa = PBXGroup;
			children = (
				5A3C00921A5EE3AA00892D4C /* List */,
				5A3C008C1A5EE36600892D4C /* NewFriendVC.h */,
				5A3C008D1A5EE36600892D4C /* NewFriendVC.m */,
				5A3C008F1A5EE37F00892D4C /* FriendDetailVC.h */,
				5A3C00901A5EE37F00892D4C /* FriendDetailVC.m */,
				5A3C00601A5EC9F000892D4C /* Supporting Files */,
			);
			path = GithubFriends;
			sourceTree = "<group>";
		};
		5A3C00601A5EC9F000892D4C /* Supporting Files */ = {
			isa = PBXGroup;
			children = (
				5A3C00641A5EC9F000892D4C /* AppDelegate.h */,
				5A3C00651A5EC9F000892D4C /* AppDelegate.m */,
				5A3C006D1A5EC9F000892D4C /* Images.xcassets */,
				5A3C006F1A5EC9F000892D4C /* LaunchScreen.xib */,
				5A3C00611A5EC9F000892D4C /* Info.plist */,
				5A3C00621A5EC9F000892D4C /* main.m */,
			);
			name = "Supporting Files";
			sourceTree = "<group>";
		};
		5A3C00791A5EC9F000892D4C /* GithubFriendsTests */ = {
			isa = PBXGroup;
			children = (
				5A3C007C1A5EC9F000892D4C /* GithubFriendsTests.m */,
				5A3C007A1A5EC9F000892D4C /* Supporting Files */,
			);
			path = GithubFriendsTests;
			sourceTree = "<group>";
		};
		5A3C007A1A5EC9F000892D4C /* Supporting Files */ = {
			isa = PBXGroup;
			children = (
				5A3C007B1A5EC9F000892D4C /* Info.plist */,
			);
			name = "Supporting Files";
			sourceTree = "<group>";
		};
		5A3C00921A5EE3AA00892D4C /* List */ = {
			isa = PBXGroup;
			children = (
				5A3C00861A5ECB8500892D4C /* FriendsTVC.h */,
				5A3C00871A5ECB8500892D4C /* FriendsTVC.m */,
				5A3C00891A5ECBB200892D4C /* FriendCell.h */,
				5A3C008A1A5ECBB200892D4C /* FriendCell.m */,
			);
			name = List;
			sourceTree = "<group>";
		};
/* End PBXGroup section */

/* Begin PBXNativeTarget section */
		5A3C005C1A5EC9F000892D4C /* GithubFriends */ = {
			isa = PBXNativeTarget;
			buildConfigurationList = 5A3C00801A5EC9F000892D4C /* Build configuration list for PBXNativeTarget "GithubFriends" */;
			buildPhases = (
				5A3C00591A5EC9F000892D4C /* Sources */,
				5A3C005A1A5EC9F000892D4C /* Frameworks */,
				5A3C005B1A5EC9F000892D4C /* Resources */,
			);
			buildRules = (
			);
			dependencies = (
			);
			name = GithubFriends;
			productName = GithubFriends;
			productReference = 5A3C005D1A5EC9F000892D4C /* GithubFriends.app */;
			productType = "com.apple.product-type.application";
		};
		5A3C00751A5EC9F000892D4C /* GithubFriendsTests */ = {
			isa = PBXNativeTarget;
			buildConfigurationList = 5A3C00831A5EC9F000892D4C /* Build configuration list for PBXNativeTarget "GithubFriendsTests" */;
			buildPhases = (
				5A3C00721A5EC9F000892D4C /* Sources */,
				5A3C00731A5EC9F000892D4C /* Frameworks */,
				5A3C00741A5EC9F000892D4C /* Resources */,
			);
			buildRules = (
			);
			dependencies = (
				5A3C00781A5EC9F000892D4C /* PBXTargetDependency */,
			);
			name = GithubFriendsTests;
			productName = GithubFriendsTests;
			productReference = 5A3C00761A5EC9F000892D4C /* GithubFriendsTests.xctest */;
			productType = "com.apple.product-type.bundle.unit-test";
		};
/* End PBXNativeTarget section */

/* Begin PBXProject section */
		5A3C00551A5EC9F000892D4C /* Project object */ = {
			isa = PBXProject;
			attributes = {
				LastUpgradeCheck = 0620;
				ORGANIZATIONNAME = "Richard Tyran";
				TargetAttributes = {
					5A3C005C1A5EC9F000892D4C = {
						CreatedOnToolsVersion = 6.2;
					};
					5A3C00751A5EC9F000892D4C = {
						CreatedOnToolsVersion = 6.2;
						TestTargetID = 5A3C005C1A5EC9F000892D4C;
					};
				};
			};
			buildConfigurationList = 5A3C00581A5EC9F000892D4C /* Build configuration list for PBXProject "GithubFriends" */;
			compatibilityVersion = "Xcode 3.2";
			developmentRegion = English;
			hasScannedForEncodings = 0;
			knownRegions = (
				en,
				Base,
			);
			mainGroup = 5A3C00541A5EC9F000892D4C;
			productRefGroup = 5A3C005E1A5EC9F000892D4C /* Products */;
			projectDirPath = "";
			projectRoot = "";
			targets = (
				5A3C005C1A5EC9F000892D4C /* GithubFriends */,
				5A3C00751A5EC9F000892D4C /* GithubFriendsTests */,
			);
		};
/* End PBXProject section */

/* Begin PBXResourcesBuildPhase section */
		5A3C005B1A5EC9F000892D4C /* Resources */ = {
			isa = PBXResourcesBuildPhase;
			buildActionMask = 2147483647;
			files = (
				5A3C00711A5EC9F000892D4C /* LaunchScreen.xib in Resources */,
				5A3C006E1A5EC9F000892D4C /* Images.xcassets in Resources */,
			);
			runOnlyForDeploymentPostprocessing = 0;
		};
		5A3C00741A5EC9F000892D4C /* Resources */ = {
			isa = PBXResourcesBuildPhase;
			buildActionMask = 2147483647;
			files = (
			);
			runOnlyForDeploymentPostprocessing = 0;
		};
/* End PBXResourcesBuildPhase section */

/* Begin PBXSourcesBuildPhase section */
		5A3C00591A5EC9F000892D4C /* Sources */ = {
			isa = PBXSourcesBuildPhase;
			buildActionMask = 2147483647;
			files = (
				5A3C00661A5EC9F000892D4C /* AppDelegate.m in Sources */,
				5A3C008E1A5EE36600892D4C /* NewFriendVC.m in Sources */,
				5A3C00881A5ECB8500892D4C /* FriendsTVC.m in Sources */,
				5A3C00911A5EE37F00892D4C /* FriendDetailVC.m in Sources */,
				5A3C00631A5EC9F000892D4C /* main.m in Sources */,
				5A3C008B1A5ECBB200892D4C /* FriendCell.m in Sources */,
			);
			runOnlyForDeploymentPostprocessing = 0;
		};
		5A3C00721A5EC9F000892D4C /* Sources */ = {
			isa = PBXSourcesBuildPhase;
			buildActionMask = 2147483647;
			files = (
				5A3C007D1A5EC9F000892D4C /* GithubFriendsTests.m in Sources */,
			);
			runOnlyForDeploymentPostprocessing = 0;
		};
/* End PBXSourcesBuildPhase section */

/* Begin PBXTargetDependency section */
		5A3C00781A5EC9F000892D4C /* PBXTargetDependency */ = {
			isa = PBXTargetDependency;
			target = 5A3C005C1A5EC9F000892D4C /* GithubFriends */;
			targetProxy = 5A3C00771A5EC9F000892D4C /* PBXContainerItemProxy */;
		};
/* End PBXTargetDependency section */

/* Begin PBXVariantGroup section */
		5A3C006F1A5EC9F000892D4C /* LaunchScreen.xib */ = {
			isa = PBXVariantGroup;
			children = (
				5A3C00701A5EC9F000892D4C /* Base */,
			);
			name = LaunchScreen.xib;
			sourceTree = "<group>";
		};
/* End PBXVariantGroup section */

/* Begin XCBuildConfiguration section */
		5A3C007E1A5EC9F000892D4C /* Debug */ = {
			isa = XCBuildConfiguration;
			buildSettings = {
				ALWAYS_SEARCH_USER_PATHS = NO;
				CLANG_CXX_LANGUAGE_STANDARD = "gnu++0x";
				CLANG_CXX_LIBRARY = "libc++";
				CLANG_ENABLE_MODULES = YES;
				CLANG_ENABLE_OBJC_ARC = YES;
				CLANG_WARN_BOOL_CONVERSION = YES;
				CLANG_WARN_CONSTANT_CONVERSION = YES;
				CLANG_WARN_DIRECT_OBJC_ISA_USAGE = YES_ERROR;
				CLANG_WARN_EMPTY_BODY = YES;
				CLANG_WARN_ENUM_CONVERSION = YES;
				CLANG_WARN_INT_CONVERSION = YES;
				CLANG_WARN_OBJC_ROOT_CLASS = YES_ERROR;
				CLANG_WARN_UNREACHABLE_CODE = YES;
				CLANG_WARN__DUPLICATE_METHOD_MATCH = YES;
				"CODE_SIGN_IDENTITY[sdk=iphoneos*]" = "iPhone Developer";
				COPY_PHASE_STRIP = NO;
				ENABLE_STRICT_OBJC_MSGSEND = YES;
				GCC_C_LANGUAGE_STANDARD = gnu99;
				GCC_DYNAMIC_NO_PIC = NO;
				GCC_OPTIMIZATION_LEVEL = 0;
				GCC_PREPROCESSOR_DEFINITIONS = (
					"DEBUG=1",
					"$(inherited)",
				);
				GCC_SYMBOLS_PRIVATE_EXTERN = NO;
				GCC_WARN_64_TO_32_BIT_CONVERSION = YES;
				GCC_WARN_ABOUT_RETURN_TYPE = YES_ERROR;
				GCC_WARN_UNDECLARED_SELECTOR = YES;
				GCC_WARN_UNINITIALIZED_AUTOS = YES_AGGRESSIVE;
				GCC_WARN_UNUSED_FUNCTION = YES;
				GCC_WARN_UNUSED_VARIABLE = YES;
				IPHONEOS_DEPLOYMENT_TARGET = 8.2;
				MTL_ENABLE_DEBUG_INFO = YES;
				ONLY_ACTIVE_ARCH = YES;
				SDKROOT = iphoneos;
			};
			name = Debug;
		};
		5A3C007F1A5EC9F000892D4C /* Release */ = {
			isa = XCBuildConfiguration;
			buildSettings = {
				ALWAYS_SEARCH_USER_PATHS = NO;
				CLANG_CXX_LANGUAGE_STANDARD = "gnu++0x";
				CLANG_CXX_LIBRARY = "libc++";
				CLANG_ENABLE_MODULES = YES;
				CLANG_ENABLE_OBJC_ARC = YES;
				CLANG_WARN_BOOL_CONVERSION = YES;
				CLANG_WARN_CONSTANT_CONVERSION = YES;
				CLANG_WARN_DIRECT_OBJC_ISA_USAGE = YES_ERROR;
				CLANG_WARN_EMPTY_BODY = YES;
				CLANG_WARN_ENUM_CONVERSION = YES;
				CLANG_WARN_INT_CONVERSION = YES;
				CLANG_WARN_OBJC_ROOT_CLASS = YES_ERROR;
				CLANG_WARN_UNREACHABLE_CODE = YES;
				CLANG_WARN__DUPLICATE_METHOD_MATCH = YES;
				"CODE_SIGN_IDENTITY[sdk=iphoneos*]" = "iPhone Developer";
				COPY_PHASE_STRIP = YES;
				ENABLE_NS_ASSERTIONS = NO;
				ENABLE_STRICT_OBJC_MSGSEND = YES;
				GCC_C_LANGUAGE_STANDARD = gnu99;
				GCC_WARN_64_TO_32_BIT_CONVERSION = YES;
				GCC_WARN_ABOUT_RETURN_TYPE = YES_ERROR;
				GCC_WARN_UNDECLARED_SELECTOR = YES;
				GCC_WARN_UNINITIALIZED_AUTOS = YES_AGGRESSIVE;
				GCC_WARN_UNUSED_FUNCTION = YES;
				GCC_WARN_UNUSED_VARIABLE = YES;
				IPHONEOS_DEPLOYMENT_TARGET = 8.2;
				MTL_ENABLE_DEBUG_INFO = NO;
				SDKROOT = iphoneos;
				VALIDATE_PRODUCT = YES;
			};
			name = Release;
		};
		5A3C00811A5EC9F000892D4C /* Debug */ = {
			isa = XCBuildConfiguration;
			buildSettings = {
				ASSETCATALOG_COMPILER_APPICON_NAME = AppIcon;
				INFOPLIST_FILE = GithubFriends/Info.plist;
				LD_RUNPATH_SEARCH_PATHS = "$(inherited) @executable_path/Frameworks";
				PRODUCT_NAME = "$(TARGET_NAME)";
			};
			name = Debug;
		};
		5A3C00821A5EC9F000892D4C /* Release */ = {
			isa = XCBuildConfiguration;
			buildSettings = {
				ASSETCATALOG_COMPILER_APPICON_NAME = AppIcon;
				INFOPLIST_FILE = GithubFriends/Info.plist;
				LD_RUNPATH_SEARCH_PATHS = "$(inherited) @executable_path/Frameworks";
				PRODUCT_NAME = "$(TARGET_NAME)";
			};
			name = Release;
		};
		5A3C00841A5EC9F000892D4C /* Debug */ = {
			isa = XCBuildConfiguration;
			buildSettings = {
				BUNDLE_LOADER = "$(TEST_HOST)";
				FRAMEWORK_SEARCH_PATHS = (
					"$(SDKROOT)/Developer/Library/Frameworks",
					"$(inherited)",
				);
				GCC_PREPROCESSOR_DEFINITIONS = (
					"DEBUG=1",
					"$(inherited)",
				);
				INFOPLIST_FILE = GithubFriendsTests/Info.plist;
				LD_RUNPATH_SEARCH_PATHS = "$(inherited) @executable_path/Frameworks @loader_path/Frameworks";
				PRODUCT_NAME = "$(TARGET_NAME)";
				TEST_HOST = "$(BUILT_PRODUCTS_DIR)/GithubFriends.app/GithubFriends";
			};
			name = Debug;
		};
		5A3C00851A5EC9F000892D4C /* Release */ = {
			isa = XCBuildConfiguration;
			buildSettings = {
				BUNDLE_LOADER = "$(TEST_HOST)";
				FRAMEWORK_SEARCH_PATHS = (
					"$(SDKROOT)/Developer/Library/Frameworks",
					"$(inherited)",
				);
				INFOPLIST_FILE = GithubFriendsTests/Info.plist;
				LD_RUNPATH_SEARCH_PATHS = "$(inherited) @executable_path/Frameworks @loader_path/Frameworks";
				PRODUCT_NAME = "$(TARGET_NAME)";
				TEST_HOST = "$(BUILT_PRODUCTS_DIR)/GithubFriends.app/GithubFriends";
			};
			name = Release;
		};
/* End XCBuildConfiguration section */

/* Begin XCConfigurationList section */
		5A3C00581A5EC9F000892D4C /* Build configuration list for PBXProject "GithubFriends" */ = {
			isa = XCConfigurationList;
			buildConfigurations = (
				5A3C007E1A5EC9F000892D4C /* Debug */,
				5A3C007F1A5EC9F000892D4C /* Release */,
			);
			defaultConfigurationIsVisible = 0;
			defaultConfigurationName = Release;
		};
		5A3C00801A5EC9F000892D4C /* Build configuration list for PBXNativeTarget "GithubFriends" */ = {
			isa = XCConfigurationList;
			buildConfigurations = (
				5A3C00811A5EC9F000892D4C /* Debug */,
				5A3C00821A5EC9F000892D4C /* Release */,
			);
			defaultConfigurationIsVisible = 0;
		};
		5A3C00831A5EC9F000892D4C /* Build configuration list for PBXNativeTarget "GithubFriendsTests" */ = {
			isa = XCConfigurationList;
			buildConfigurations = (
				5A3C00841A5EC9F000892D4C /* Debug */,
				5A3C00851A5EC9F000892D4C /* Release */,
			);
			defaultConfigurationIsVisible = 0;
		};
/* End XCConfigurationList section */
	};
	rootObject = 5A3C00551A5EC9F000892D4C /* Project object */;
}
